{
  "requires": true,
  "lockfileVersion": 1,
  "dependencies": {
    "bs-node-readline": {
      "version": "0.1.0",
      "resolved": "https://registry.npmjs.org/bs-node-readline/-/bs-node-readline-0.1.0.tgz",
      "integrity": "sha512-oSxIEyV+Wiq+ja8RvHGAAdJZuQNkFnRSUKwPj2xPKXNndJBrpn7nEXY/5dZpWBvZ89UUDNUL4q3OZ8faThsDkQ=="
    }
  }
}
